
Microsoft Visual Studio Solution File, Format Version 12.00
# Visual Studio 15
VisualStudioVersion = 15.0.28010.2046
MinimumVisualStudioVersion = 10.0.40219.1
Project("{FAE04EC0-301F-11D3-BF4B-00C04F79EFBC}") = "smb", "smb\smb.csproj", "{E4B724C3-CD3F-4B8B-9AE2-21C9F3C3303B}"
EndProject
Global
	GlobalSection(SolutionConfigurationPlatforms) = preSolution
		Debug|Any CPU = Debug|Any CPU
		Release|Any CPU = Release|Any CPU
	EndGlobalSection
	GlobalSection(ProjectConfigurationPlatforms) = postSolution
		{E4B724C3-CD3F-4B8B-9AE2-21C9F3C3303B}.Debug|Any CPU.ActiveCfg = Debug|Any CPU
		{E4B724C3-CD3F-4B8B-9AE2-21C9F3C3303B}.Debug|Any CPU.Build.0 = Debug|Any CPU
		{E4B724C3-CD3F-4B8B-9AE2-21C9F3C3303B}.Release|Any CPU.ActiveCfg = Release|Any CPU
		{E4B724C3-CD3F-4B8B-9AE2-21C9F3C3303B}.Release|Any CPU.Build.0 = Release|Any CPU
	EndGlobalSection
	GlobalSection(SolutionProperties) = preSolution
		HideSolutionNode = FALSE
	EndGlobalSection
	GlobalSection(ExtensibilityGlobals) = postSolution
		SolutionGuid = {A89893F4-0896-4B4A-AE0E-800E3BDD6758}
	EndGlobalSection
EndGlobal
